
Microsoft Visual Studio Solution File, Format Version 12.00
# Visual Studio Version 17
VisualStudioVersion = 17.13.35919.96 d17.13
MinimumVisualStudioVersion = 10.0.40219.1
Project("{FAE04EC0-301F-11D3-BF4B-00C04F79EFBC}") = "Assignment 1.1.3", "Assignment 1.1.3.csproj", "{13BAAAB5-B0BB-4124-A5B8-D2C9EF68D457}"
EndProject
Global
	GlobalSection(SolutionConfigurationPlatforms) = preSolution
		Debug|Any CPU = Debug|Any CPU
		Release|Any CPU = Release|Any CPU
	EndGlobalSection
	GlobalSection(ProjectConfigurationPlatforms) = postSolution
		{13BAAAB5-B0BB-4124-A5B8-D2C9EF68D457}.Debug|Any CPU.ActiveCfg = Debug|Any CPU
		{13BAAAB5-B0BB-4124-A5B8-D2C9EF68D457}.Debug|Any CPU.Build.0 = Debug|Any CPU
		{13BAAAB5-B0BB-4124-A5B8-D2C9EF68D457}.Release|Any CPU.ActiveCfg = Release|Any CPU
		{13BAAAB5-B0BB-4124-A5B8-D2C9EF68D457}.Release|Any CPU.Build.0 = Release|Any CPU
	EndGlobalSection
	GlobalSection(SolutionProperties) = preSolution
		HideSolutionNode = FALSE
	EndGlobalSection
	GlobalSection(ExtensibilityGlobals) = postSolution
		SolutionGuid = {801862EB-8602-4917-8241-9BDC1651C083}
	EndGlobalSection
EndGlobal
